
Microsoft Visual Studio Solution File, Format Version 12.00
# Visual Studio Version 17
VisualStudioVersion = 17.6.33815.320
MinimumVisualStudioVersion = 10.0.40219.1
Project("{FAE04EC0-301F-11D3-BF4B-00C04F79EFBC}") = "WebApi", "WebApi.csproj", "{CA67A853-CE66-4E4C-8725-4003E31F72C1}"
EndProject
Project("{FAE04EC0-301F-11D3-BF4B-00C04F79EFBC}") = "MVC", "..\MVC\MVC.csproj", "{3005AF65-B3AC-4DAA-AFD7-1FF58E223283}"
EndProject
Global
	GlobalSection(SolutionConfigurationPlatforms) = preSolution
		Debug|Any CPU = Debug|Any CPU
		Release|Any CPU = Release|Any CPU
	EndGlobalSection
	GlobalSection(ProjectConfigurationPlatforms) = postSolution
		{CA67A853-CE66-4E4C-8725-4003E31F72C1}.Debug|Any CPU.ActiveCfg = Debug|Any CPU
		{CA67A853-CE66-4E4C-8725-4003E31F72C1}.Debug|Any CPU.Build.0 = Debug|Any CPU
		{CA67A853-CE66-4E4C-8725-4003E31F72C1}.Release|Any CPU.ActiveCfg = Release|Any CPU
		{CA67A853-CE66-4E4C-8725-4003E31F72C1}.Release|Any CPU.Build.0 = Release|Any CPU
		{3005AF65-B3AC-4DAA-AFD7-1FF58E223283}.Debug|Any CPU.ActiveCfg = Debug|Any CPU
		{3005AF65-B3AC-4DAA-AFD7-1FF58E223283}.Debug|Any CPU.Build.0 = Debug|Any CPU
		{3005AF65-B3AC-4DAA-AFD7-1FF58E223283}.Release|Any CPU.ActiveCfg = Release|Any CPU
		{3005AF65-B3AC-4DAA-AFD7-1FF58E223283}.Release|Any CPU.Build.0 = Release|Any CPU
	EndGlobalSection
	GlobalSection(SolutionProperties) = preSolution
		HideSolutionNode = FALSE
	EndGlobalSection
	GlobalSection(ExtensibilityGlobals) = postSolution
		SolutionGuid = {8A188D5D-78AE-4D3B-8F72-A64A7496E78D}
	EndGlobalSection
EndGlobal
